
Microsoft Visual Studio Solution File, Format Version 12.00
# Visual Studio Version 17
VisualStudioVersion = 17.9.34622.214
MinimumVisualStudioVersion = 10.0.40219.1
Project("{FAE04EC0-301F-11D3-BF4B-00C04F79EFBC}") = "DBCreater", "DBCreater\DBCreater.csproj", "{6413416A-C3BC-4F2C-9F6F-21947844A24A}"
EndProject
Project("{FAE04EC0-301F-11D3-BF4B-00C04F79EFBC}") = "ConsoleApprCreateDB", "ConsoleApprCreateDB\ConsoleApprCreateDB.csproj", "{09950176-DCC6-427B-9A81-D7297C0760C3}"
EndProject
Global
	GlobalSection(SolutionConfigurationPlatforms) = preSolution
		Debug|Any CPU = Debug|Any CPU
		Release|Any CPU = Release|Any CPU
	EndGlobalSection
	GlobalSection(ProjectConfigurationPlatforms) = postSolution
		{6413416A-C3BC-4F2C-9F6F-21947844A24A}.Debug|Any CPU.ActiveCfg = Debug|Any CPU
		{6413416A-C3BC-4F2C-9F6F-21947844A24A}.Debug|Any CPU.Build.0 = Debug|Any CPU
		{6413416A-C3BC-4F2C-9F6F-21947844A24A}.Release|Any CPU.ActiveCfg = Release|Any CPU
		{6413416A-C3BC-4F2C-9F6F-21947844A24A}.Release|Any CPU.Build.0 = Release|Any CPU
		{09950176-DCC6-427B-9A81-D7297C0760C3}.Debug|Any CPU.ActiveCfg = Debug|Any CPU
		{09950176-DCC6-427B-9A81-D7297C0760C3}.Debug|Any CPU.Build.0 = Debug|Any CPU
		{09950176-DCC6-427B-9A81-D7297C0760C3}.Release|Any CPU.ActiveCfg = Release|Any CPU
		{09950176-DCC6-427B-9A81-D7297C0760C3}.Release|Any CPU.Build.0 = Release|Any CPU
	EndGlobalSection
	GlobalSection(SolutionProperties) = preSolution
		HideSolutionNode = FALSE
	EndGlobalSection
	GlobalSection(ExtensibilityGlobals) = postSolution
		SolutionGuid = {3E640CD0-C385-43F1-9720-4267988F179B}
	EndGlobalSection
EndGlobal
